// !$*UTF8*$!
{
	archiveVersion = 1;
	classes = {
	};
	objectVersion = 46;
	objects = {

/* Begin PBXBuildFile section */
		88F2D4F01906268A00FBD1A8 /* Foundation.framework in Frameworks */ = {isa = PBXBuildFile; fileRef = 88F2D4EF1906268A00FBD1A8 /* Foundation.framework */; };
		88F2D4F21906268A00FBD1A8 /* CoreGraphics.framework in Frameworks */ = {isa = PBXBuildFile; fileRef = 88F2D4F11906268A00FBD1A8 /* CoreGraphics.framework */; };
		88F2D4F41906268A00FBD1A8 /* UIKit.framework in Frameworks */ = {isa = PBXBuildFile; fileRef = 88F2D4F31906268A00FBD1A8 /* UIKit.framework */; };
		88F2D4FA1906268A00FBD1A8 /* InfoPlist.strings in Resources */ = {isa = PBXBuildFile; fileRef = 88F2D4F81906268A00FBD1A8 /* InfoPlist.strings */; };
		88F2D4FC1906268A00FBD1A8 /* main.m in Sources */ = {isa = PBXBuildFile; fileRef = 88F2D4FB1906268A00FBD1A8 /* main.m */; };
		88F2D5001906268A00FBD1A8 /* AppDelegate.m in Sources */ = {isa = PBXBuildFile; fileRef = 88F2D4FF1906268A00FBD1A8 /* AppDelegate.m */; };
		88F2D5031906268A00FBD1A8 /* Main.storyboard in Resources */ = {isa = PBXBuildFile; fileRef = 88F2D5011906268A00FBD1A8 /* Main.storyboard */; };
		88F2D5061906268A00FBD1A8 /* FirstViewController.m in Sources */ = {isa = PBXBuildFile; fileRef = 88F2D5051906268A00FBD1A8 /* FirstViewController.m */; };
		88F2D5091906268A00FBD1A8 /* SecondViewController.m in Sources */ = {isa = PBXBuildFile; fileRef = 88F2D5081906268A00FBD1A8 /* SecondViewController.m */; };
		88F2D50B1906268A00FBD1A8 /* Images.xcassets in Resources */ = {isa = PBXBuildFile; fileRef = 88F2D50A1906268A00FBD1A8 /* Images.xcassets */; };
		88F2D5121906268B00FBD1A8 /* XCTest.framework in Frameworks */ = {isa = PBXBuildFile; fileRef = 88F2D5111906268B00FBD1A8 /* XCTest.framework */; };
		88F2D5131906268B00FBD1A8 /* Foundation.framework in Frameworks */ = {isa = PBXBuildFile; fileRef = 88F2D4EF1906268A00FBD1A8 /* Foundation.framework */; };
		88F2D5141906268B00FBD1A8 /* UIKit.framework in Frameworks */ = {isa = PBXBuildFile; fileRef = 88F2D4F31906268A00FBD1A8 /* UIKit.framework */; };
		88F2D51C1906268B00FBD1A8 /* InfoPlist.strings in Resources */ = {isa = PBXBuildFile; fileRef = 88F2D51A1906268B00FBD1A8 /* InfoPlist.strings */; };
		88F2D51E1906268B00FBD1A8 /* TTabTests.m in Sources */ = {isa = PBXBuildFile; fileRef = 88F2D51D1906268B00FBD1A8 /* TTabTests.m */; };
/* End PBXBuildFile section */

/* Begin PBXContainerItemProxy section */
		88F2D5151906268B00FBD1A8 /* PBXContainerItemProxy */ = {
			isa = PBXContainerItemProxy;
			containerPortal = 88F2D4E41906268A00FBD1A8 /* Project object */;
			proxyType = 1;
			remoteGlobalIDString = 88F2D4EB1906268A00FBD1A8;
			remoteInfo = TTab;
		};
/* End PBXContainerItemProxy section */

/* Begin PBXFileReference section */
		88F2D4EC1906268A00FBD1A8 /* TTab.app */ = {isa = PBXFileReference; explicitFileType = wrapper.application; includeInIndex = 0; path = TTab.app; sourceTree = BUILT_PRODUCTS_DIR; };
		88F2D4EF1906268A00FBD1A8 /* Foundation.framework */ = {isa = PBXFileReference; lastKnownFileType = wrapper.framework; name = Foundation.framework; path = System/Library/Frameworks/Foundation.framework; sourceTree = SDKROOT; };
		88F2D4F11906268A00FBD1A8 /* CoreGraphics.framework */ = {isa = PBXFileReference; lastKnownFileType = wrapper.framework; name = CoreGraphics.framework; path = System/Library/Frameworks/CoreGraphics.framework; sourceTree = SDKROOT; };
		88F2D4F31906268A00FBD1A8 /* UIKit.framework */ = {isa = PBXFileReference; lastKnownFileType = wrapper.framework; name = UIKit.framework; path = System/Library/Frameworks/UIKit.framework; sourceTree = SDKROOT; };
		88F2D4F71906268A00FBD1A8 /* TTab-Info.plist */ = {isa = PBXFileReference; lastKnownFileType = text.plist.xml; path = "TTab-Info.plist"; sourceTree = "<group>"; };
		88F2D4F91906268A00FBD1A8 /* en */ = {isa = PBXFileReference; lastKnownFileType = text.plist.strings; name = en; path = en.lproj/InfoPlist.strings; sourceTree = "<group>"; };
		88F2D4FB1906268A00FBD1A8 /* main.m */ = {isa = PBXFileReference; lastKnownFileType = sourcecode.c.objc; path = main.m; sourceTree = "<group>"; };
		88F2D4FD1906268A00FBD1A8 /* TTab-Prefix.pch */ = {isa = PBXFileReference; lastKnownFileType = sourcecode.c.h; path = "TTab-Prefix.pch"; sourceTree = "<group>"; };
		88F2D4FE1906268A00FBD1A8 /* AppDelegate.h */ = {isa = PBXFileReference; lastKnownFileType = sourcecode.c.h; path = AppDelegate.h; sourceTree = "<group>"; };
		88F2D4FF1906268A00FBD1A8 /* AppDelegate.m */ = {isa = PBXFileReference; lastKnownFileType = sourcecode.c.objc; path = AppDelegate.m; sourceTree = "<group>"; };
		88F2D5021906268A00FBD1A8 /* Base */ = {isa = PBXFileReference; lastKnownFileType = file.storyboard; name = Base; path = Base.lproj/Main.storyboard; sourceTree = "<group>"; };
		88F2D5041906268A00FBD1A8 /* FirstViewController.h */ = {isa = PBXFileReference; lastKnownFileType = sourcecode.c.h; path = FirstViewController.h; sourceTree = "<group>"; };
		88F2D5051906268A00FBD1A8 /* FirstViewController.m */ = {isa = PBXFileReference; lastKnownFileType = sourcecode.c.objc; path = FirstViewController.m; sourceTree = "<group>"; };
		88F2D5071906268A00FBD1A8 /* SecondViewController.h */ = {isa = PBXFileReference; lastKnownFileType = sourcecode.c.h; path = SecondViewController.h; sourceTree = "<group>"; };
		88F2D5081906268A00FBD1A8 /* SecondViewController.m */ = {isa = PBXFileReference; lastKnownFileType = sourcecode.c.objc; path = SecondViewController.m; sourceTree = "<group>"; };
		88F2D50A1906268A00FBD1A8 /* Images.xcassets */ = {isa = PBXFileReference; lastKnownFileType = folder.assetcatalog; path = Images.xcassets; sourceTree = "<group>"; };
		88F2D5101906268B00FBD1A8 /* TTabTests.xctest */ = {isa = PBXFileReference; explicitFileType = wrapper.cfbundle; includeInIndex = 0; path = TTabTests.xctest; sourceTree = BUILT_PRODUCTS_DIR; };
		88F2D5111906268B00FBD1A8 /* XCTest.framework */ = {isa = PBXFileReference; lastKnownFileType = wrapper.framework; name = XCTest.framework; path = Library/Frameworks/XCTest.framework; sourceTree = DEVELOPER_DIR; };
		88F2D5191906268B00FBD1A8 /* TTabTests-Info.plist */ = {isa = PBXFileReference; lastKnownFileType = text.plist.xml; path = "TTabTests-Info.plist"; sourceTree = "<group>"; };
		88F2D51B1906268B00FBD1A8 /* en */ = {isa = PBXFileReference; lastKnownFileType = text.plist.strings; name = en; path = en.lproj/InfoPlist.strings; sourceTree = "<group>"; };
		88F2D51D1906268B00FBD1A8 /* TTabTests.m */ = {isa = PBXFileReference; lastKnownFileType = sourcecode.c.objc; path = TTabTests.m; sourceTree = "<group>"; };
/* End PBXFileReference section */

/* Begin PBXFrameworksBuildPhase section */
		88F2D4E91906268A00FBD1A8 /* Frameworks */ = {
			isa = PBXFrameworksBuildPhase;
			buildActionMask = 2147483647;
			files = (
				88F2D4F21906268A00FBD1A8 /* CoreGraphics.framework in Frameworks */,
				88F2D4F41906268A00FBD1A8 /* UIKit.framework in Frameworks */,
				88F2D4F01906268A00FBD1A8 /* Foundation.framework in Frameworks */,
			);
			runOnlyForDeploymentPostprocessing = 0;
		};
		88F2D50D1906268B00FBD1A8 /* Frameworks */ = {
			isa = PBXFrameworksBuildPhase;
			buildActionMask = 2147483647;
			files = (
				88F2D5121906268B00FBD1A8 /* XCTest.framework in Frameworks */,
				88F2D5141906268B00FBD1A8 /* UIKit.framework in Frameworks */,
				88F2D5131906268B00FBD1A8 /* Foundation.framework in Frameworks */,
			);
			runOnlyForDeploymentPostprocessing = 0;
		};
/* End PBXFrameworksBuildPhase section */

/* Begin PBXGroup section */
		88F2D4E31906268A00FBD1A8 = {
			isa = PBXGroup;
			children = (
				88F2D4F51906268A00FBD1A8 /* TTab */,
				88F2D5171906268B00FBD1A8 /* TTabTests */,
				88F2D4EE1906268A00FBD1A8 /* Frameworks */,
				88F2D4ED1906268A00FBD1A8 /* Products */,
			);
			sourceTree = "<group>";
		};
		88F2D4ED1906268A00FBD1A8 /* Products */ = {
			isa = PBXGroup;
			children = (
				88F2D4EC1906268A00FBD1A8 /* TTab.app */,
				88F2D5101906268B00FBD1A8 /* TTabTests.xctest */,
			);
			name = Products;
			sourceTree = "<group>";
		};
		88F2D4EE1906268A00FBD1A8 /* Frameworks */ = {
			isa = PBXGroup;
			children = (
				88F2D4EF1906268A00FBD1A8 /* Foundation.framework */,
				88F2D4F11906268A00FBD1A8 /* CoreGraphics.framework */,
				88F2D4F31906268A00FBD1A8 /* UIKit.framework */,
				88F2D5111906268B00FBD1A8 /* XCTest.framework */,
			);
			name = Frameworks;
			sourceTree = "<group>";
		};
		88F2D4F51906268A00FBD1A8 /* TTab */ = {
			isa = PBXGroup;
			children = (
				88F2D4FE1906268A00FBD1A8 /* AppDelegate.h */,
				88F2D4FF1906268A00FBD1A8 /* AppDelegate.m */,
				88F2D5011906268A00FBD1A8 /* Main.storyboard */,
				88F2D5041906268A00FBD1A8 /* FirstViewController.h */,
				88F2D5051906268A00FBD1A8 /* FirstViewController.m */,
				88F2D5071906268A00FBD1A8 /* SecondViewController.h */,
				88F2D5081906268A00FBD1A8 /* SecondViewController.m */,
				88F2D50A1906268A00FBD1A8 /* Images.xcassets */,
				88F2D4F61906268A00FBD1A8 /* Supporting Files */,
			);
			path = TTab;
			sourceTree = "<group>";
		};
		88F2D4F61906268A00FBD1A8 /* Supporting Files */ = {
			isa = PBXGroup;
			children = (
				88F2D4F71906268A00FBD1A8 /* TTab-Info.plist */,
				88F2D4F81906268A00FBD1A8 /* InfoPlist.strings */,
				88F2D4FB1906268A00FBD1A8 /* main.m */,
				88F2D4FD1906268A00FBD1A8 /* TTab-Prefix.pch */,
			);
			name = "Supporting Files";
			sourceTree = "<group>";
		};
		88F2D5171906268B00FBD1A8 /* TTabTests */ = {
			isa = PBXGroup;
			children = (
				88F2D51D1906268B00FBD1A8 /* TTabTests.m */,
				88F2D5181906268B00FBD1A8 /* Supporting Files */,
			);
			path = TTabTests;
			sourceTree = "<group>";
		};
		88F2D5181906268B00FBD1A8 /* Supporting Files */ = {
			isa = PBXGroup;
			children = (
				88F2D5191906268B00FBD1A8 /* TTabTests-Info.plist */,
				88F2D51A1906268B00FBD1A8 /* InfoPlist.strings */,
			);
			name = "Supporting Files";
			sourceTree = "<group>";
		};
/* End PBXGroup section */

/* Begin PBXNativeTarget section */
		88F2D4EB1906268A00FBD1A8 /* TTab */ = {
			isa = PBXNativeTarget;
			buildConfigurationList = 88F2D5211906268B00FBD1A8 /* Build configuration list for PBXNativeTarget "TTab" */;
			buildPhases = (
				88F2D4E81906268A00FBD1A8 /* Sources */,
				88F2D4E91906268A00FBD1A8 /* Frameworks */,
				88F2D4EA1906268A00FBD1A8 /* Resources */,
			);
			buildRules = (
			);
			dependencies = (
			);
			name = TTab;
			productName = TTab;
			productReference = 88F2D4EC1906268A00FBD1A8 /* TTab.app */;
			productType = "com.apple.product-type.application";
		};
		88F2D50F1906268B00FBD1A8 /* TTabTests */ = {
			isa = PBXNativeTarget;
			buildConfigurationList = 88F2D5241906268B00FBD1A8 /* Build configuration list for PBXNativeTarget "TTabTests" */;
			buildPhases = (
				88F2D50C1906268B00FBD1A8 /* Sources */,
				88F2D50D1906268B00FBD1A8 /* Frameworks */,
				88F2D50E1906268B00FBD1A8 /* Resources */,
			);
			buildRules = (
			);
			dependencies = (
				88F2D5161906268B00FBD1A8 /* PBXTargetDependency */,
			);
			name = TTabTests;
			productName = TTabTests;
			productReference = 88F2D5101906268B00FBD1A8 /* TTabTests.xctest */;
			productType = "com.apple.product-type.bundle.unit-test";
		};
/* End PBXNativeTarget section */

/* Begin PBXProject section */
		88F2D4E41906268A00FBD1A8 /* Project object */ = {
			isa = PBXProject;
			attributes = {
				LastUpgradeCheck = 0500;
				ORGANIZATIONNAME = iMac;
				TargetAttributes = {
					88F2D50F1906268B00FBD1A8 = {
						TestTargetID = 88F2D4EB1906268A00FBD1A8;
					};
				};
			};
			buildConfigurationList = 88F2D4E71906268A00FBD1A8 /* Build configuration list for PBXProject "TTab" */;
			compatibilityVersion = "Xcode 3.2";
			developmentRegion = English;
			hasScannedForEncodings = 0;
			knownRegions = (
				en,
				Base,
			);
			mainGroup = 88F2D4E31906268A00FBD1A8;
			productRefGroup = 88F2D4ED1906268A00FBD1A8 /* Products */;
			projectDirPath = "";
			projectRoot = "";
			targets = (
				88F2D4EB1906268A00FBD1A8 /* TTab */,
				88F2D50F1906268B00FBD1A8 /* TTabTests */,
			);
		};
/* End PBXProject section */

/* Begin PBXResourcesBuildPhase section */
		88F2D4EA1906268A00FBD1A8 /* Resources */ = {
			isa = PBXResourcesBuildPhase;
			buildActionMask = 2147483647;
			files = (
				88F2D50B1906268A00FBD1A8 /* Images.xcassets in Resources */,
				88F2D4FA1906268A00FBD1A8 /* InfoPlist.strings in Resources */,
				88F2D5031906268A00FBD1A8 /* Main.storyboard in Resources */,
			);
			runOnlyForDeploymentPostprocessing = 0;
		};
		88F2D50E1906268B00FBD1A8 /* Resources */ = {
			isa = PBXResourcesBuildPhase;
			buildActionMask = 2147483647;
			files = (
				88F2D51C1906268B00FBD1A8 /* InfoPlist.strings in Resources */,
			);
			runOnlyForDeploymentPostprocessing = 0;
		};
/* End PBXResourcesBuildPhase section */

/* Begin PBXSourcesBuildPhase section */
		88F2D4E81906268A00FBD1A8 /* Sources */ = {
			isa = PBXSourcesBuildPhase;
			buildActionMask = 2147483647;
			files = (
				88F2D5091906268A00FBD1A8 /* SecondViewController.m in Sources */,
				88F2D5001906268A00FBD1A8 /* AppDelegate.m in Sources */,
				88F2D5061906268A00FBD1A8 /* FirstViewController.m in Sources */,
				88F2D4FC1906268A00FBD1A8 /* main.m in Sources */,
			);
			runOnlyForDeploymentPostprocessing = 0;
		};
		88F2D50C1906268B00FBD1A8 /* Sources */ = {
			isa = PBXSourcesBuildPhase;
			buildActionMask = 2147483647;
			files = (
				88F2D51E1906268B00FBD1A8 /* TTabTests.m in Sources */,
			);
			runOnlyForDeploymentPostprocessing = 0;
		};
/* End PBXSourcesBuildPhase section */

/* Begin PBXTargetDependency section */
		88F2D5161906268B00FBD1A8 /* PBXTargetDependency */ = {
			isa = PBXTargetDependency;
			target = 88F2D4EB1906268A00FBD1A8 /* TTab */;
			targetProxy = 88F2D5151906268B00FBD1A8 /* PBXContainerItemProxy */;
		};
/* End PBXTargetDependency section */

/* Begin PBXVariantGroup section */
		88F2D4F81906268A00FBD1A8 /* InfoPlist.strings */ = {
			isa = PBXVariantGroup;
			children = (
				88F2D4F91906268A00FBD1A8 /* en */,
			);
			name = InfoPlist.strings;
			sourceTree = "<group>";
		};
		88F2D5011906268A00FBD1A8 /* Main.storyboard */ = {
			isa = PBXVariantGroup;
			children = (
				88F2D5021906268A00FBD1A8 /* Base */,
			);
			name = Main.storyboard;
			sourceTree = "<group>";
		};
		88F2D51A1906268B00FBD1A8 /* InfoPlist.strings */ = {
			isa = PBXVariantGroup;
			children = (
				88F2D51B1906268B00FBD1A8 /* en */,
			);
			name = InfoPlist.strings;
			sourceTree = "<group>";
		};
/* End PBXVariantGroup section */

/* Begin XCBuildConfiguration section */
		88F2D51F1906268B00FBD1A8 /* Debug */ = {
			isa = XCBuildConfiguration;
			buildSettings = {
				ALWAYS_SEARCH_USER_PATHS = NO;
				ARCHS = "$(ARCHS_STANDARD_INCLUDING_64_BIT)";
				CLANG_CXX_LANGUAGE_STANDARD = "gnu++0x";
				CLANG_CXX_LIBRARY = "libc++";
				CLANG_ENABLE_MODULES = YES;
				CLANG_ENABLE_OBJC_ARC = YES;
				CLANG_WARN_BOOL_CONVERSION = YES;
				CLANG_WARN_CONSTANT_CONVERSION = YES;
				CLANG_WARN_DIRECT_OBJC_ISA_USAGE = YES_ERROR;
				CLANG_WARN_EMPTY_BODY = YES;
				CLANG_WARN_ENUM_CONVERSION = YES;
				CLANG_WARN_INT_CONVERSION = YES;
				CLANG_WARN_OBJC_ROOT_CLASS = YES_ERROR;
				CLANG_WARN__DUPLICATE_METHOD_MATCH = YES;
				"CODE_SIGN_IDENTITY[sdk=iphoneos*]" = "iPhone Developer";
				COPY_PHASE_STRIP = NO;
				GCC_C_LANGUAGE_STANDARD = gnu99;
				GCC_DYNAMIC_NO_PIC = NO;
				GCC_OPTIMIZATION_LEVEL = 0;
				GCC_PREPROCESSOR_DEFINITIONS = (
					"DEBUG=1",
					"$(inherited)",
				);
				GCC_SYMBOLS_PRIVATE_EXTERN = NO;
				GCC_WARN_64_TO_32_BIT_CONVERSION = YES;
				GCC_WARN_ABOUT_RETURN_TYPE = YES_ERROR;
				GCC_WARN_UNDECLARED_SELECTOR = YES;
				GCC_WARN_UNINITIALIZED_AUTOS = YES;
				GCC_WARN_UNUSED_FUNCTION = YES;
				GCC_WARN_UNUSED_VARIABLE = YES;
				IPHONEOS_DEPLOYMENT_TARGET = 7.0;
				ONLY_ACTIVE_ARCH = YES;
				SDKROOT = iphoneos;
			};
			name = Debug;
		};
		88F2D5201906268B00FBD1A8 /* Release */ = {
			isa = XCBuildConfiguration;
			buildSettings = {
				ALWAYS_SEARCH_USER_PATHS = NO;
				ARCHS = "$(ARCHS_STANDARD_INCLUDING_64_BIT)";
				CLANG_CXX_LANGUAGE_STANDARD = "gnu++0x";
				CLANG_CXX_LIBRARY = "libc++";
				CLANG_ENABLE_MODULES = YES;
				CLANG_ENABLE_OBJC_ARC = YES;
				CLANG_WARN_BOOL_CONVERSION = YES;
				CLANG_WARN_CONSTANT_CONVERSION = YES;
				CLANG_WARN_DIRECT_OBJC_ISA_USAGE = YES_ERROR;
				CLANG_WARN_EMPTY_BODY = YES;
				CLANG_WARN_ENUM_CONVERSION = YES;
				CLANG_WARN_INT_CONVERSION = YES;
				CLANG_WARN_OBJC_ROOT_CLASS = YES_ERROR;
				CLANG_WARN__DUPLICATE_METHOD_MATCH = YES;
				"CODE_SIGN_IDENTITY[sdk=iphoneos*]" = "iPhone Developer";
				COPY_PHASE_STRIP = YES;
				ENABLE_NS_ASSERTIONS = NO;
				GCC_C_LANGUAGE_STANDARD = gnu99;
				GCC_WARN_64_TO_32_BIT_CONVERSION = YES;
				GCC_WARN_ABOUT_RETURN_TYPE = YES_ERROR;
				GCC_WARN_UNDECLARED_SELECTOR = YES;
				GCC_WARN_UNINITIALIZED_AUTOS = YES;
				GCC_WARN_UNUSED_FUNCTION = YES;
				GCC_WARN_UNUSED_VARIABLE = YES;
				IPHONEOS_DEPLOYMENT_TARGET = 7.0;
				SDKROOT = iphoneos;
				VALIDATE_PRODUCT = YES;
			};
			name = Release;
		};
		88F2D5221906268B00FBD1A8 /* Debug */ = {
			isa = XCBuildConfiguration;
			buildSettings = {
				ASSETCATALOG_COMPILER_APPICON_NAME = AppIcon;
				ASSETCATALOG_COMPILER_LAUNCHIMAGE_NAME = LaunchImage;
				GCC_PRECOMPILE_PREFIX_HEADER = YES;
				GCC_PREFIX_HEADER = "TTab/TTab-Prefix.pch";
				INFOPLIST_FILE = "TTab/TTab-Info.plist";
				PRODUCT_NAME = "$(TARGET_NAME)";
				WRAPPER_EXTENSION = app;
			};
			name = Debug;
		};
		88F2D5231906268B00FBD1A8 /* Release */ = {
			isa = XCBuildConfiguration;
			buildSettings = {
				ASSETCATALOG_COMPILER_APPICON_NAME = AppIcon;
				ASSETCATALOG_COMPILER_LAUNCHIMAGE_NAME = LaunchImage;
				GCC_PRECOMPILE_PREFIX_HEADER = YES;
				GCC_PREFIX_HEADER = "TTab/TTab-Prefix.pch";
				INFOPLIST_FILE = "TTab/TTab-Info.plist";
				PRODUCT_NAME = "$(TARGET_NAME)";
				WRAPPER_EXTENSION = app;
			};
			name = Release;
		};
		88F2D5251906268B00FBD1A8 /* Debug */ = {
			isa = XCBuildConfiguration;
			buildSettings = {
				ARCHS = "$(ARCHS_STANDARD_INCLUDING_64_BIT)";
				BUNDLE_LOADER = "$(BUILT_PRODUCTS_DIR)/TTab.app/TTab";
				FRAMEWORK_SEARCH_PATHS = (
					"$(SDKROOT)/Developer/Library/Frameworks",
					"$(inherited)",
					"$(DEVELOPER_FRAMEWORKS_DIR)",
				);
				GCC_PRECOMPILE_PREFIX_HEADER = YES;
				GCC_PREFIX_HEADER = "TTab/TTab-Prefix.pch";
				GCC_PREPROCESSOR_DEFINITIONS = (
					"DEBUG=1",
					"$(inherited)",
				);
				INFOPLIST_FILE = "TTabTests/TTabTests-Info.plist";
				PRODUCT_NAME = "$(TARGET_NAME)";
				TEST_HOST = "$(BUNDLE_LOADER)";
				WRAPPER_EXTENSION = xctest;
			};
			name = Debug;
		};
		88F2D5261906268B00FBD1A8 /* Release */ = {
			isa = XCBuildConfiguration;
			buildSettings = {
				ARCHS = "$(ARCHS_STANDARD_INCLUDING_64_BIT)";
				BUNDLE_LOADER = "$(BUILT_PRODUCTS_DIR)/TTab.app/TTab";
				FRAMEWORK_SEARCH_PATHS = (
					"$(SDKROOT)/Developer/Library/Frameworks",
					"$(inherited)",
					"$(DEVELOPER_FRAMEWORKS_DIR)",
				);
				GCC_PRECOMPILE_PREFIX_HEADER = YES;
				GCC_PREFIX_HEADER = "TTab/TTab-Prefix.pch";
				INFOPLIST_FILE = "TTabTests/TTabTests-Info.plist";
				PRODUCT_NAME = "$(TARGET_NAME)";
				TEST_HOST = "$(BUNDLE_LOADER)";
				WRAPPER_EXTENSION = xctest;
			};
			name = Release;
		};
/* End XCBuildConfiguration section */

/* Begin XCConfigurationList section */
		88F2D4E71906268A00FBD1A8 /* Build configuration list for PBXProject "TTab" */ = {
			isa = XCConfigurationList;
			buildConfigurations = (
				88F2D51F1906268B00FBD1A8 /* Debug */,
				88F2D5201906268B00FBD1A8 /* Release */,
			);
			defaultConfigurationIsVisible = 0;
			defaultConfigurationName = Release;
		};
		88F2D5211906268B00FBD1A8 /* Build configuration list for PBXNativeTarget "TTab" */ = {
			isa = XCConfigurationList;
			buildConfigurations = (
				88F2D5221906268B00FBD1A8 /* Debug */,
				88F2D5231906268B00FBD1A8 /* Release */,
			);
			defaultConfigurationIsVisible = 0;
		};
		88F2D5241906268B00FBD1A8 /* Build configuration list for PBXNativeTarget "TTabTests" */ = {
			isa = XCConfigurationList;
			buildConfigurations = (
				88F2D5251906268B00FBD1A8 /* Debug */,
				88F2D5261906268B00FBD1A8 /* Release */,
			);
			defaultConfigurationIsVisible = 0;
		};
/* End XCConfigurationList section */
	};
	rootObject = 88F2D4E41906268A00FBD1A8 /* Project object */;
}
